
Microsoft Visual Studio Solution File, Format Version 12.00
# Visual Studio Version 16
VisualStudioVersion = 16.0.30225.117
MinimumVisualStudioVersion = 10.0.40219.1
Project("{FAE04EC0-301F-11D3-BF4B-00C04F79EFBC}") = "MESProject", "MESProject\MESProject.csproj", "{5994711C-1EE1-4808-A85C-639DB5ACF860}"
EndProject
Global
	GlobalSection(SolutionConfigurationPlatforms) = preSolution
		Debug|Any CPU = Debug|Any CPU
		Release|Any CPU = Release|Any CPU
	EndGlobalSection
	GlobalSection(ProjectConfigurationPlatforms) = postSolution
		{5994711C-1EE1-4808-A85C-639DB5ACF860}.Debug|Any CPU.ActiveCfg = Debug|Any CPU
		{5994711C-1EE1-4808-A85C-639DB5ACF860}.Debug|Any CPU.Build.0 = Debug|Any CPU
		{5994711C-1EE1-4808-A85C-639DB5ACF860}.Release|Any CPU.ActiveCfg = Release|Any CPU
		{5994711C-1EE1-4808-A85C-639DB5ACF860}.Release|Any CPU.Build.0 = Release|Any CPU
	EndGlobalSection
	GlobalSection(SolutionProperties) = preSolution
		HideSolutionNode = FALSE
	EndGlobalSection
	GlobalSection(ExtensibilityGlobals) = postSolution
		SolutionGuid = {36A5E56C-CF05-4A0E-84FC-DD1EC6BC3D07}
	EndGlobalSection
EndGlobal
